
Microsoft Visual Studio Solution File, Format Version 12.00
# Visual Studio 15
VisualStudioVersion = 15.0.28010.2036
MinimumVisualStudioVersion = 10.0.40219.1
Project("{FAE04EC0-301F-11D3-BF4B-00C04F79EFBC}") = "Module1", "Module1\Module1.csproj", "{2D042568-5F9B-490C-857C-CC1A59E54DC9}"
EndProject
Project("{FAE04EC0-301F-11D3-BF4B-00C04F79EFBC}") = "Module1.Tests", "Module1.Tests\Module1.Tests.csproj", "{AA302F10-99A9-495A-A204-D053BC086A26}"
EndProject
Project("{2150E333-8FDC-42A3-9474-1A3956D46DE8}") = "Module2", "Module2", "{73780F97-7DB3-4F91-8266-A5E5317EA7F8}"
EndProject
Project("{9A19103F-16F7-4668-BE54-9A1E7A4F7556}") = "Task2", "Task2\Task2.csproj", "{8197CD56-9EAA-46F7-9910-4D5A2BCB510E}"
EndProject
Project("{FAE04EC0-301F-11D3-BF4B-00C04F79EFBC}") = "Task1", "Task1\Task1.csproj", "{9E864752-47DC-43F8-A5F4-A15562DF6402}"
EndProject
Project("{2150E333-8FDC-42A3-9474-1A3956D46DE8}") = "Module3", "Module3", "{A23A0740-4957-4009-86A3-CC4874056989}"
EndProject
Project("{2150E333-8FDC-42A3-9474-1A3956D46DE8}") = "Module4", "Module4", "{861760BC-290B-4376-9B73-BFE67BBFC165}"
EndProject
Project("{FAE04EC0-301F-11D3-BF4B-00C04F79EFBC}") = "Module4", "Module4\Module4.csproj", "{E77DA885-AFE4-4406-90F1-506FA22A70DB}"
EndProject
Project("{2150E333-8FDC-42A3-9474-1A3956D46DE8}") = "Module5", "Module5", "{0B97ED8F-B2FB-4F45-B718-4CCE93B66966}"
EndProject
Project("{FAE04EC0-301F-11D3-BF4B-00C04F79EFBC}") = "Module05", "Module5\Module05\Module05.csproj", "{9F72F325-5BF2-4DCB-AAC6-3E4AF5836456}"
EndProject
Project("{9A19103F-16F7-4668-BE54-9A1E7A4F7556}") = "Module05.Tests", "Module5\Module05.Tests\Module05.Tests.csproj", "{6CFDDC95-C1AE-4552-B60F-73980BF18A4A}"
EndProject
Project("{2150E333-8FDC-42A3-9474-1A3956D46DE8}") = "Module6", "Module6", "{8D961286-FA75-4242-9CAE-73D6761E3125}"
EndProject
Project("{FAE04EC0-301F-11D3-BF4B-00C04F79EFBC}") = "Module6", "Module06\Module6\Module6.csproj", "{57925010-4859-4B4B-A66C-BC0D1A6EA870}"
EndProject
Project("{9A19103F-16F7-4668-BE54-9A1E7A4F7556}") = "Module06.Tests", "Module06\Module06.Tests\Module06.Tests.csproj", "{FB168359-DB89-44A8-8A3F-EAB10309766D}"
EndProject
Project("{2150E333-8FDC-42A3-9474-1A3956D46DE8}") = "Module7", "Module7", "{EEAB9244-D40B-430C-977E-490118370CC1}"
EndProject
Project("{00D1A9C2-B5F0-4AF3-8072-F6C62B433612}") = "Northwind", "Module7\Northwind\Northwind.sqlproj", "{8EAD86AE-81E4-495B-B07A-CC3741F05459}"
EndProject
Project("{00D1A9C2-B5F0-4AF3-8072-F6C62B433612}") = "Northwind.1.0", "Module7\Northwind.1.0\Northwind.1.0.sqlproj", "{2BEF8DFF-B865-4424-A292-40EE3D87F871}"
EndProject
Project("{00D1A9C2-B5F0-4AF3-8072-F6C62B433612}") = "Northwind.1.1", "Module7\Northwind.1.1\Northwind.1.1.sqlproj", "{AFF5615E-6F54-46DB-9993-3869E0C12DDB}"
EndProject
Project("{00D1A9C2-B5F0-4AF3-8072-F6C62B433612}") = "Northwind.1.3", "Module7\Northwind.1.3\Northwind.1.3.sqlproj", "{50058FF4-4D2F-4F57-988F-5BB4E337B061}"
EndProject
Project("{2150E333-8FDC-42A3-9474-1A3956D46DE8}") = "Module8", "Module8", "{49C1F381-800B-4B2C-B77E-8EFB2F80786D}"
EndProject
Project("{FAE04EC0-301F-11D3-BF4B-00C04F79EFBC}") = "Northwind.Linq2Db.Model", "Module8\Northwind.Linq2Db.Model\Northwind.Linq2Db.Model.csproj", "{C27406F2-3530-486D-89F4-4729E3ECE129}"
EndProject
Project("{FAE04EC0-301F-11D3-BF4B-00C04F79EFBC}") = "Northwind.Linq2Db.ConsoleTest", "Module8\Northwind.Linq2Db.Console\Northwind.Linq2Db.ConsoleTest.csproj", "{1E97D8F9-3BD2-437D-AC2A-EE44B47E1384}"
EndProject
Project("{FAE04EC0-301F-11D3-BF4B-00C04F79EFBC}") = "Northwind.EntityFramework.Model", "Module8\Northwind.EF.Model\Northwind.EntityFramework.Model.csproj", "{071E31BB-017C-44F2-B547-77F50CE8E2C3}"
EndProject
Project("{FAE04EC0-301F-11D3-BF4B-00C04F79EFBC}") = "Northwind.EntityFramework.ConsoleTest", "Module8\Northwind.EF.Console\Northwind.EntityFramework.ConsoleTest.csproj", "{79B35F92-75E3-4DCF-907B-9BD18650F585}"
EndProject
Project("{FAE04EC0-301F-11D3-BF4B-00C04F79EFBC}") = "ORM.Shared", "Module8\ORM.Shared\ORM.Shared.csproj", "{C7B3C65F-A9B8-4D37-94E9-268DD5664CDA}"
EndProject
Project("{2150E333-8FDC-42A3-9474-1A3956D46DE8}") = "Module9", "Module9", "{1EC3F0C7-83B7-4865-B1F4-9432E32A80CB}"
EndProject
Project("{9A19103F-16F7-4668-BE54-9A1E7A4F7556}") = "MongoDB", "Module9\MongoDB\MongoDB.csproj", "{60A969BB-D8AF-4EB7-AD31-A0FE82970D92}"
EndProject
Project("{2150E333-8FDC-42A3-9474-1A3956D46DE8}") = "Module10", "Module10", "{85A5D97C-478C-47BA-8D55-E36F5901C8FA}"
EndProject
Project("{FAE04EC0-301F-11D3-BF4B-00C04F79EFBC}") = "Downloader", "Module10\Downloader\Downloader.csproj", "{2565FB51-CCF9-4AC9-8EB7-FA9ACBC3B24B}"
EndProject
Project("{FAE04EC0-301F-11D3-BF4B-00C04F79EFBC}") = "HttpHandler", "Module10\HttpHandler\HttpHandler.csproj", "{F7D05E9C-DE59-42DD-BD80-50E863FF4C75}"
EndProject
Project("{FAE04EC0-301F-11D3-BF4B-00C04F79EFBC}") = "HttpHandler.Tests", "Module10\HttpHandler.Tests\HttpHandler.Tests.csproj", "{7CC1E60A-F12C-48C0-9636-0E631F376A30}"
EndProject
Project("{FAE04EC0-301F-11D3-BF4B-00C04F79EFBC}") = "DownloaderTests", "Module10\DownloaderTests\DownloaderTests.csproj", "{5B8F2C42-01CB-46EA-A8C4-BFE606D24B11}"
EndProject
Project("{2150E333-8FDC-42A3-9474-1A3956D46DE8}") = "Module11", "Module11", "{8EACD63F-7D8D-4389-81CF-EFD328DFEFB9}"
EndProject
Project("{FAE04EC0-301F-11D3-BF4B-00C04F79EFBC}") = "Cache.Fibonacchi", "Module11\Cache.Fibonacchi\Cache.Fibonacchi.csproj", "{3C3B9F33-9E6E-4EC0-A3F2-0001A4741C5D}"
EndProject
Project("{FAE04EC0-301F-11D3-BF4B-00C04F79EFBC}") = "Cache.Fibonacchi.Tests", "Module11\Cache.Fibonacchi.Tests\Cache.Fibonacchi.Tests.csproj", "{15B30EBA-AEFB-4BE0-887F-5B3C74B16ECD}"
EndProject
Project("{FAE04EC0-301F-11D3-BF4B-00C04F79EFBC}") = "CachingSolutionsSamples", "Module11\CachingSolutionsSamples\CachingSolutionsSamples.csproj", "{A4A4F6AE-04DA-439D-BFAD-BC373D9C869C}"
EndProject
Project("{FAE04EC0-301F-11D3-BF4B-00C04F79EFBC}") = "NorthwindLibrary", "Module11\NorthwindLibrary\NorthwindLibrary.csproj", "{83072721-060E-4738-9ABD-7711C4F07ED2}"
EndProject
Global
	GlobalSection(SolutionConfigurationPlatforms) = preSolution
		Debug|Any CPU = Debug|Any CPU
		Release|Any CPU = Release|Any CPU
	EndGlobalSection
	GlobalSection(ProjectConfigurationPlatforms) = postSolution
		{2D042568-5F9B-490C-857C-CC1A59E54DC9}.Debug|Any CPU.ActiveCfg = Debug|Any CPU
		{2D042568-5F9B-490C-857C-CC1A59E54DC9}.Debug|Any CPU.Build.0 = Debug|Any CPU
		{2D042568-5F9B-490C-857C-CC1A59E54DC9}.Release|Any CPU.ActiveCfg = Release|Any CPU
		{2D042568-5F9B-490C-857C-CC1A59E54DC9}.Release|Any CPU.Build.0 = Release|Any CPU
		{AA302F10-99A9-495A-A204-D053BC086A26}.Debug|Any CPU.ActiveCfg = Debug|Any CPU
		{AA302F10-99A9-495A-A204-D053BC086A26}.Debug|Any CPU.Build.0 = Debug|Any CPU
		{AA302F10-99A9-495A-A204-D053BC086A26}.Release|Any CPU.ActiveCfg = Release|Any CPU
		{AA302F10-99A9-495A-A204-D053BC086A26}.Release|Any CPU.Build.0 = Release|Any CPU
		{8197CD56-9EAA-46F7-9910-4D5A2BCB510E}.Debug|Any CPU.ActiveCfg = Debug|Any CPU
		{8197CD56-9EAA-46F7-9910-4D5A2BCB510E}.Debug|Any CPU.Build.0 = Debug|Any CPU
		{8197CD56-9EAA-46F7-9910-4D5A2BCB510E}.Release|Any CPU.ActiveCfg = Release|Any CPU
		{8197CD56-9EAA-46F7-9910-4D5A2BCB510E}.Release|Any CPU.Build.0 = Release|Any CPU
		{9E864752-47DC-43F8-A5F4-A15562DF6402}.Debug|Any CPU.ActiveCfg = Debug|Any CPU
		{9E864752-47DC-43F8-A5F4-A15562DF6402}.Debug|Any CPU.Build.0 = Debug|Any CPU
		{9E864752-47DC-43F8-A5F4-A15562DF6402}.Release|Any CPU.ActiveCfg = Release|Any CPU
		{9E864752-47DC-43F8-A5F4-A15562DF6402}.Release|Any CPU.Build.0 = Release|Any CPU
		{E77DA885-AFE4-4406-90F1-506FA22A70DB}.Debug|Any CPU.ActiveCfg = Debug|Any CPU
		{E77DA885-AFE4-4406-90F1-506FA22A70DB}.Debug|Any CPU.Build.0 = Debug|Any CPU
		{E77DA885-AFE4-4406-90F1-506FA22A70DB}.Release|Any CPU.ActiveCfg = Release|Any CPU
		{E77DA885-AFE4-4406-90F1-506FA22A70DB}.Release|Any CPU.Build.0 = Release|Any CPU
		{9F72F325-5BF2-4DCB-AAC6-3E4AF5836456}.Debug|Any CPU.ActiveCfg = Debug|Any CPU
		{9F72F325-5BF2-4DCB-AAC6-3E4AF5836456}.Debug|Any CPU.Build.0 = Debug|Any CPU
		{9F72F325-5BF2-4DCB-AAC6-3E4AF5836456}.Release|Any CPU.ActiveCfg = Release|Any CPU
		{9F72F325-5BF2-4DCB-AAC6-3E4AF5836456}.Release|Any CPU.Build.0 = Release|Any CPU
		{6CFDDC95-C1AE-4552-B60F-73980BF18A4A}.Debug|Any CPU.ActiveCfg = Debug|Any CPU
		{6CFDDC95-C1AE-4552-B60F-73980BF18A4A}.Debug|Any CPU.Build.0 = Debug|Any CPU
		{6CFDDC95-C1AE-4552-B60F-73980BF18A4A}.Release|Any CPU.ActiveCfg = Release|Any CPU
		{6CFDDC95-C1AE-4552-B60F-73980BF18A4A}.Release|Any CPU.Build.0 = Release|Any CPU
		{57925010-4859-4B4B-A66C-BC0D1A6EA870}.Debug|Any CPU.ActiveCfg = Debug|Any CPU
		{57925010-4859-4B4B-A66C-BC0D1A6EA870}.Debug|Any CPU.Build.0 = Debug|Any CPU
		{57925010-4859-4B4B-A66C-BC0D1A6EA870}.Release|Any CPU.ActiveCfg = Release|Any CPU
		{57925010-4859-4B4B-A66C-BC0D1A6EA870}.Release|Any CPU.Build.0 = Release|Any CPU
		{FB168359-DB89-44A8-8A3F-EAB10309766D}.Debug|Any CPU.ActiveCfg = Debug|Any CPU
		{FB168359-DB89-44A8-8A3F-EAB10309766D}.Debug|Any CPU.Build.0 = Debug|Any CPU
		{FB168359-DB89-44A8-8A3F-EAB10309766D}.Release|Any CPU.ActiveCfg = Release|Any CPU
		{FB168359-DB89-44A8-8A3F-EAB10309766D}.Release|Any CPU.Build.0 = Release|Any CPU
		{8EAD86AE-81E4-495B-B07A-CC3741F05459}.Debug|Any CPU.ActiveCfg = Debug|Any CPU
		{8EAD86AE-81E4-495B-B07A-CC3741F05459}.Debug|Any CPU.Build.0 = Debug|Any CPU
		{8EAD86AE-81E4-495B-B07A-CC3741F05459}.Debug|Any CPU.Deploy.0 = Debug|Any CPU
		{8EAD86AE-81E4-495B-B07A-CC3741F05459}.Release|Any CPU.ActiveCfg = Release|Any CPU
		{8EAD86AE-81E4-495B-B07A-CC3741F05459}.Release|Any CPU.Build.0 = Release|Any CPU
		{8EAD86AE-81E4-495B-B07A-CC3741F05459}.Release|Any CPU.Deploy.0 = Release|Any CPU
		{2BEF8DFF-B865-4424-A292-40EE3D87F871}.Debug|Any CPU.ActiveCfg = Debug|Any CPU
		{2BEF8DFF-B865-4424-A292-40EE3D87F871}.Debug|Any CPU.Build.0 = Debug|Any CPU
		{2BEF8DFF-B865-4424-A292-40EE3D87F871}.Debug|Any CPU.Deploy.0 = Debug|Any CPU
		{2BEF8DFF-B865-4424-A292-40EE3D87F871}.Release|Any CPU.ActiveCfg = Release|Any CPU
		{2BEF8DFF-B865-4424-A292-40EE3D87F871}.Release|Any CPU.Build.0 = Release|Any CPU
		{2BEF8DFF-B865-4424-A292-40EE3D87F871}.Release|Any CPU.Deploy.0 = Release|Any CPU
		{AFF5615E-6F54-46DB-9993-3869E0C12DDB}.Debug|Any CPU.ActiveCfg = Debug|Any CPU
		{AFF5615E-6F54-46DB-9993-3869E0C12DDB}.Debug|Any CPU.Build.0 = Debug|Any CPU
		{AFF5615E-6F54-46DB-9993-3869E0C12DDB}.Debug|Any CPU.Deploy.0 = Debug|Any CPU
		{AFF5615E-6F54-46DB-9993-3869E0C12DDB}.Release|Any CPU.ActiveCfg = Release|Any CPU
		{AFF5615E-6F54-46DB-9993-3869E0C12DDB}.Release|Any CPU.Build.0 = Release|Any CPU
		{AFF5615E-6F54-46DB-9993-3869E0C12DDB}.Release|Any CPU.Deploy.0 = Release|Any CPU
		{50058FF4-4D2F-4F57-988F-5BB4E337B061}.Debug|Any CPU.ActiveCfg = Debug|Any CPU
		{50058FF4-4D2F-4F57-988F-5BB4E337B061}.Debug|Any CPU.Build.0 = Debug|Any CPU
		{50058FF4-4D2F-4F57-988F-5BB4E337B061}.Debug|Any CPU.Deploy.0 = Debug|Any CPU
		{50058FF4-4D2F-4F57-988F-5BB4E337B061}.Release|Any CPU.ActiveCfg = Release|Any CPU
		{50058FF4-4D2F-4F57-988F-5BB4E337B061}.Release|Any CPU.Build.0 = Release|Any CPU
		{50058FF4-4D2F-4F57-988F-5BB4E337B061}.Release|Any CPU.Deploy.0 = Release|Any CPU
		{C27406F2-3530-486D-89F4-4729E3ECE129}.Debug|Any CPU.ActiveCfg = Debug|Any CPU
		{C27406F2-3530-486D-89F4-4729E3ECE129}.Debug|Any CPU.Build.0 = Debug|Any CPU
		{C27406F2-3530-486D-89F4-4729E3ECE129}.Release|Any CPU.ActiveCfg = Release|Any CPU
		{C27406F2-3530-486D-89F4-4729E3ECE129}.Release|Any CPU.Build.0 = Release|Any CPU
		{1E97D8F9-3BD2-437D-AC2A-EE44B47E1384}.Debug|Any CPU.ActiveCfg = Debug|Any CPU
		{1E97D8F9-3BD2-437D-AC2A-EE44B47E1384}.Debug|Any CPU.Build.0 = Debug|Any CPU
		{1E97D8F9-3BD2-437D-AC2A-EE44B47E1384}.Release|Any CPU.ActiveCfg = Release|Any CPU
		{1E97D8F9-3BD2-437D-AC2A-EE44B47E1384}.Release|Any CPU.Build.0 = Release|Any CPU
		{071E31BB-017C-44F2-B547-77F50CE8E2C3}.Debug|Any CPU.ActiveCfg = Debug|Any CPU
		{071E31BB-017C-44F2-B547-77F50CE8E2C3}.Debug|Any CPU.Build.0 = Debug|Any CPU
		{071E31BB-017C-44F2-B547-77F50CE8E2C3}.Release|Any CPU.ActiveCfg = Release|Any CPU
		{071E31BB-017C-44F2-B547-77F50CE8E2C3}.Release|Any CPU.Build.0 = Release|Any CPU
		{79B35F92-75E3-4DCF-907B-9BD18650F585}.Debug|Any CPU.ActiveCfg = Debug|Any CPU
		{79B35F92-75E3-4DCF-907B-9BD18650F585}.Debug|Any CPU.Build.0 = Debug|Any CPU
		{79B35F92-75E3-4DCF-907B-9BD18650F585}.Release|Any CPU.ActiveCfg = Release|Any CPU
		{79B35F92-75E3-4DCF-907B-9BD18650F585}.Release|Any CPU.Build.0 = Release|Any CPU
		{C7B3C65F-A9B8-4D37-94E9-268DD5664CDA}.Debug|Any CPU.ActiveCfg = Debug|Any CPU
		{C7B3C65F-A9B8-4D37-94E9-268DD5664CDA}.Debug|Any CPU.Build.0 = Debug|Any CPU
		{C7B3C65F-A9B8-4D37-94E9-268DD5664CDA}.Release|Any CPU.ActiveCfg = Release|Any CPU
		{C7B3C65F-A9B8-4D37-94E9-268DD5664CDA}.Release|Any CPU.Build.0 = Release|Any CPU
		{60A969BB-D8AF-4EB7-AD31-A0FE82970D92}.Debug|Any CPU.ActiveCfg = Debug|Any CPU
		{60A969BB-D8AF-4EB7-AD31-A0FE82970D92}.Debug|Any CPU.Build.0 = Debug|Any CPU
		{60A969BB-D8AF-4EB7-AD31-A0FE82970D92}.Release|Any CPU.ActiveCfg = Release|Any CPU
		{60A969BB-D8AF-4EB7-AD31-A0FE82970D92}.Release|Any CPU.Build.0 = Release|Any CPU
		{2565FB51-CCF9-4AC9-8EB7-FA9ACBC3B24B}.Debug|Any CPU.ActiveCfg = Debug|Any CPU
		{2565FB51-CCF9-4AC9-8EB7-FA9ACBC3B24B}.Debug|Any CPU.Build.0 = Debug|Any CPU
		{2565FB51-CCF9-4AC9-8EB7-FA9ACBC3B24B}.Release|Any CPU.ActiveCfg = Release|Any CPU
		{2565FB51-CCF9-4AC9-8EB7-FA9ACBC3B24B}.Release|Any CPU.Build.0 = Release|Any CPU
		{F7D05E9C-DE59-42DD-BD80-50E863FF4C75}.Debug|Any CPU.ActiveCfg = Debug|Any CPU
		{F7D05E9C-DE59-42DD-BD80-50E863FF4C75}.Debug|Any CPU.Build.0 = Debug|Any CPU
		{F7D05E9C-DE59-42DD-BD80-50E863FF4C75}.Release|Any CPU.ActiveCfg = Release|Any CPU
		{F7D05E9C-DE59-42DD-BD80-50E863FF4C75}.Release|Any CPU.Build.0 = Release|Any CPU
		{7CC1E60A-F12C-48C0-9636-0E631F376A30}.Debug|Any CPU.ActiveCfg = Debug|Any CPU
		{7CC1E60A-F12C-48C0-9636-0E631F376A30}.Debug|Any CPU.Build.0 = Debug|Any CPU
		{7CC1E60A-F12C-48C0-9636-0E631F376A30}.Release|Any CPU.ActiveCfg = Release|Any CPU
		{7CC1E60A-F12C-48C0-9636-0E631F376A30}.Release|Any CPU.Build.0 = Release|Any CPU
		{5B8F2C42-01CB-46EA-A8C4-BFE606D24B11}.Debug|Any CPU.ActiveCfg = Debug|Any CPU
		{5B8F2C42-01CB-46EA-A8C4-BFE606D24B11}.Debug|Any CPU.Build.0 = Debug|Any CPU
		{5B8F2C42-01CB-46EA-A8C4-BFE606D24B11}.Release|Any CPU.ActiveCfg = Release|Any CPU
		{5B8F2C42-01CB-46EA-A8C4-BFE606D24B11}.Release|Any CPU.Build.0 = Release|Any CPU
		{3C3B9F33-9E6E-4EC0-A3F2-0001A4741C5D}.Debug|Any CPU.ActiveCfg = Debug|Any CPU
		{3C3B9F33-9E6E-4EC0-A3F2-0001A4741C5D}.Debug|Any CPU.Build.0 = Debug|Any CPU
		{3C3B9F33-9E6E-4EC0-A3F2-0001A4741C5D}.Release|Any CPU.ActiveCfg = Release|Any CPU
		{3C3B9F33-9E6E-4EC0-A3F2-0001A4741C5D}.Release|Any CPU.Build.0 = Release|Any CPU
		{15B30EBA-AEFB-4BE0-887F-5B3C74B16ECD}.Debug|Any CPU.ActiveCfg = Debug|Any CPU
		{15B30EBA-AEFB-4BE0-887F-5B3C74B16ECD}.Debug|Any CPU.Build.0 = Debug|Any CPU
		{15B30EBA-AEFB-4BE0-887F-5B3C74B16ECD}.Release|Any CPU.ActiveCfg = Release|Any CPU
		{15B30EBA-AEFB-4BE0-887F-5B3C74B16ECD}.Release|Any CPU.Build.0 = Release|Any CPU
		{A4A4F6AE-04DA-439D-BFAD-BC373D9C869C}.Debug|Any CPU.ActiveCfg = Debug|Any CPU
		{A4A4F6AE-04DA-439D-BFAD-BC373D9C869C}.Debug|Any CPU.Build.0 = Debug|Any CPU
		{A4A4F6AE-04DA-439D-BFAD-BC373D9C869C}.Release|Any CPU.ActiveCfg = Release|Any CPU
		{A4A4F6AE-04DA-439D-BFAD-BC373D9C869C}.Release|Any CPU.Build.0 = Release|Any CPU
		{83072721-060E-4738-9ABD-7711C4F07ED2}.Debug|Any CPU.ActiveCfg = Debug|Any CPU
		{83072721-060E-4738-9ABD-7711C4F07ED2}.Debug|Any CPU.Build.0 = Debug|Any CPU
		{83072721-060E-4738-9ABD-7711C4F07ED2}.Release|Any CPU.ActiveCfg = Release|Any CPU
		{83072721-060E-4738-9ABD-7711C4F07ED2}.Release|Any CPU.Build.0 = Release|Any CPU
	EndGlobalSection
	GlobalSection(SolutionProperties) = preSolution
		HideSolutionNode = FALSE
	EndGlobalSection
	GlobalSection(NestedProjects) = preSolution
		{8197CD56-9EAA-46F7-9910-4D5A2BCB510E} = {73780F97-7DB3-4F91-8266-A5E5317EA7F8}
		{9E864752-47DC-43F8-A5F4-A15562DF6402} = {73780F97-7DB3-4F91-8266-A5E5317EA7F8}
		{E77DA885-AFE4-4406-90F1-506FA22A70DB} = {861760BC-290B-4376-9B73-BFE67BBFC165}
		{9F72F325-5BF2-4DCB-AAC6-3E4AF5836456} = {0B97ED8F-B2FB-4F45-B718-4CCE93B66966}
		{6CFDDC95-C1AE-4552-B60F-73980BF18A4A} = {0B97ED8F-B2FB-4F45-B718-4CCE93B66966}
		{57925010-4859-4B4B-A66C-BC0D1A6EA870} = {8D961286-FA75-4242-9CAE-73D6761E3125}
		{FB168359-DB89-44A8-8A3F-EAB10309766D} = {8D961286-FA75-4242-9CAE-73D6761E3125}
		{8EAD86AE-81E4-495B-B07A-CC3741F05459} = {EEAB9244-D40B-430C-977E-490118370CC1}
		{2BEF8DFF-B865-4424-A292-40EE3D87F871} = {EEAB9244-D40B-430C-977E-490118370CC1}
		{AFF5615E-6F54-46DB-9993-3869E0C12DDB} = {EEAB9244-D40B-430C-977E-490118370CC1}
		{50058FF4-4D2F-4F57-988F-5BB4E337B061} = {EEAB9244-D40B-430C-977E-490118370CC1}
		{C27406F2-3530-486D-89F4-4729E3ECE129} = {49C1F381-800B-4B2C-B77E-8EFB2F80786D}
		{1E97D8F9-3BD2-437D-AC2A-EE44B47E1384} = {49C1F381-800B-4B2C-B77E-8EFB2F80786D}
		{071E31BB-017C-44F2-B547-77F50CE8E2C3} = {49C1F381-800B-4B2C-B77E-8EFB2F80786D}
		{79B35F92-75E3-4DCF-907B-9BD18650F585} = {49C1F381-800B-4B2C-B77E-8EFB2F80786D}
		{C7B3C65F-A9B8-4D37-94E9-268DD5664CDA} = {49C1F381-800B-4B2C-B77E-8EFB2F80786D}
		{60A969BB-D8AF-4EB7-AD31-A0FE82970D92} = {1EC3F0C7-83B7-4865-B1F4-9432E32A80CB}
		{2565FB51-CCF9-4AC9-8EB7-FA9ACBC3B24B} = {85A5D97C-478C-47BA-8D55-E36F5901C8FA}
		{F7D05E9C-DE59-42DD-BD80-50E863FF4C75} = {85A5D97C-478C-47BA-8D55-E36F5901C8FA}
		{7CC1E60A-F12C-48C0-9636-0E631F376A30} = {85A5D97C-478C-47BA-8D55-E36F5901C8FA}
		{5B8F2C42-01CB-46EA-A8C4-BFE606D24B11} = {85A5D97C-478C-47BA-8D55-E36F5901C8FA}
		{3C3B9F33-9E6E-4EC0-A3F2-0001A4741C5D} = {8EACD63F-7D8D-4389-81CF-EFD328DFEFB9}
		{15B30EBA-AEFB-4BE0-887F-5B3C74B16ECD} = {8EACD63F-7D8D-4389-81CF-EFD328DFEFB9}
		{A4A4F6AE-04DA-439D-BFAD-BC373D9C869C} = {8EACD63F-7D8D-4389-81CF-EFD328DFEFB9}
		{83072721-060E-4738-9ABD-7711C4F07ED2} = {8EACD63F-7D8D-4389-81CF-EFD328DFEFB9}
	EndGlobalSection
	GlobalSection(ExtensibilityGlobals) = postSolution
		SolutionGuid = {90E0F20C-EB21-49E4-8616-3FB60368F612}
	EndGlobalSection
EndGlobal
